<?xml version="1.0" encoding="utf-8"?>
<Project ToolsVersion="4.0" xmlns="http://schemas.microsoft.com/developer/msbuild/2003">
  <ItemGroup>
    <ClCompile Include="lib\ConsoleTableLib\ConsoleTable.cpp">
      <Filter>Source Files</Filter>
    </ClCompile>
    <ClCompile Include="lib\ConsoleTableLib\ConsoleTableRow.cpp">
      <Filter>Source Files</Filter>
    </ClCompile>
    <ClCompile Include="lib\ConsoleTableLib\ConsoleTableUtils.cpp">
      <Filter>Source Files</Filter>
    </ClCompile>
    <ClCompile Include="continuity.cpp">
      <Filter>Source Files</Filter>
    </ClCompile>
    <ClCompile Include="main.cpp">
      <Filter>Source Files</Filter>
    </ClCompile>
    <ClCompile Include="PCI_7248_Card.cpp">
      <Filter>Source Files</Filter>
    </ClCompile>
    <ClCompile Include="presence.cpp">
      <Filter>Source Files</Filter>
    </ClCompile>
    <ClCompile Include="security.cpp">
      <Filter>Source Files</Filter>
    </ClCompile>
    <ClCompile Include="securitySysteme.cpp">
      <Filter>Source Files</Filter>
    </ClCompile>
    <ClCompile Include="sensor.cpp">
      <Filter>Source Files</Filter>
    </ClCompile>
    <ClCompile Include="tamper.cpp">
      <Filter>Source Files</Filter>
    </ClCompile>
  </ItemGroup>
  <ItemGroup>
    <ClInclude Include="lib\ConsoleTableLib\ConsoleTable.h">
      <Filter>Header Files</Filter>
    </ClInclude>
    <ClInclude Include="lib\ConsoleTableLib\ConsoleTableRow.h">
      <Filter>Header Files</Filter>
    </ClInclude>
    <ClInclude Include="lib\ConsoleTableLib\ConsoleTableUtils.h">
      <Filter>Header Files</Filter>
    </ClInclude>
    <ClInclude Include="continuity.h">
      <Filter>Header Files</Filter>
    </ClInclude>
    <ClInclude Include="DAQHeader.h">
      <Filter>Header Files</Filter>
    </ClInclude>
    <ClInclude Include="Dask.h">
      <Filter>Header Files</Filter>
    </ClInclude>
    <ClInclude Include="PCI_7248_Card.h">
      <Filter>Header Files</Filter>
    </ClInclude>
    <ClInclude Include="presence.h">
      <Filter>Header Files</Filter>
    </ClInclude>
    <ClInclude Include="security.h">
      <Filter>Header Files</Filter>
    </ClInclude>
    <ClInclude Include="sensor.h">
      <Filter>Header Files</Filter>
    </ClInclude>
    <ClInclude Include="tamper.h">
      <Filter>Header Files</Filter>
    </ClInclude>
    <ClInclude Include="lib\text_color-lib\text_color.h">
      <Filter>Header Files</Filter>
    </ClInclude>
  </ItemGroup>
  <ItemGroup>
    <Library Include="PCI-Dask64.lib" />
  </ItemGroup>
  <ItemGroup>
    <None Include="PCI-Dask64.dll" />
  </ItemGroup>
  <ItemGroup>
    <Filter Include="Header Files">
      <UniqueIdentifier>{2e4e76be-ec35-49b6-8e34-b4210e1bccac}</UniqueIdentifier>
    </Filter>
    <Filter Include="Resource Files">
      <UniqueIdentifier>{6d0881a0-a40f-4cdc-8fea-75737bf943f7}</UniqueIdentifier>
    </Filter>
    <Filter Include="Source Files">
      <UniqueIdentifier>{4c85a0e3-05e4-4670-ad26-8a7db589a964}</UniqueIdentifier>
    </Filter>
    <Filter Include="Translation Files">
      <UniqueIdentifier>{2f87b12f-4326-4f6f-a522-27c9e0397aea}</UniqueIdentifier>
    </Filter>
  </ItemGroup>
  <ItemGroup>
    <QtMoc Include="securitySysteme.h">
      <Filter>Header Files</Filter>
    </QtMoc>
  </ItemGroup>
</Project>